# This file is automatically @generated by Cargo.
# It is not intended for manual editing.
version = 4

[[package]]
name = "open_pipe_stress_stress_benchmarks"
version = "0.1.0"
dependencies = [
 "open_pipe_stress_stress_recovery",
]

[[package]]
name = "open_pipe_stress_stress_recovery"
version = "0.1.0"
