# This file is automatically @generated by Cargo.
# It is not intended for manual editing.
version = 4

[[package]]
name = "open_pipe_stress_frame_kernel"
version = "0.1.0"

[[package]]
name = "open_pipe_stress_linear_supports"
version = "0.1.0"
dependencies = [
 "open_pipe_stress_frame_kernel",
]

[[package]]
name = "open_pipe_stress_primitive_loads"
version = "0.1.0"
dependencies = [
 "open_pipe_stress_frame_kernel",
 "open_pipe_stress_linear_supports",
]

[[package]]
name = "open_pipe_stress_user_loads"
version = "0.1.0"
dependencies = [
 "open_pipe_stress_frame_kernel",
 "open_pipe_stress_primitive_loads",
]
