# This file is automatically @generated by Cargo.
# It is not intended for manual editing.
version = 4

[[package]]
name = "open_pipe_stress_frame_kernel"
version = "0.1.0"

[[package]]
name = "open_pipe_stress_linear_supports"
version = "0.1.0"
dependencies = [
 "open_pipe_stress_frame_kernel",
]

[[package]]
name = "open_pipe_stress_nonlinear_benchmarks"
version = "0.1.0"
dependencies = [
 "open_pipe_stress_linear_supports",
 "open_pipe_stress_nonlinear_supports",
 "open_pipe_stress_solver_diagnostics",
]

[[package]]
name = "open_pipe_stress_nonlinear_supports"
version = "0.1.0"
dependencies = [
 "open_pipe_stress_linear_supports",
 "open_pipe_stress_solver_diagnostics",
]

[[package]]
name = "open_pipe_stress_solver_diagnostics"
version = "0.1.0"
dependencies = [
 "open_pipe_stress_frame_kernel",
]
